// !$*UTF8*$!
{
	archiveVersion = 1;
	classes = {
	};
	objectVersion = 56;
	objects = {

/* Begin PBXBuildFile section */
		A70072612C5A8C7B00C5370D /* AvatarSelector.swift in Sources */ = {isa = PBXBuildFile; fileRef = A70072602C5A8C7B00C5370D /* AvatarSelector.swift */; };
		A70072652C5ACA9000C5370D /* ObjectNotification.swift in Sources */ = {isa = PBXBuildFile; fileRef = A70072642C5ACA9000C5370D /* ObjectNotification.swift */; };
		A7037D112C55562C00B53FBD /* BackendManager.swift in Sources */ = {isa = PBXBuildFile; fileRef = A7037D102C55562C00B53FBD /* BackendManager.swift */; };
		A7037D142C5578C500B53FBD /* MessagePack in Frameworks */ = {isa = PBXBuildFile; productRef = A7037D132C5578C500B53FBD /* MessagePack */; };
		A719F74B2C51C23100E9487A /* Session_NativeApp.swift in Sources */ = {isa = PBXBuildFile; fileRef = A719F74A2C51C23100E9487A /* Session_NativeApp.swift */; };
		A719F74D2C51C23100E9487A /* ConversationsView.swift in Sources */ = {isa = PBXBuildFile; fileRef = A719F74C2C51C23100E9487A /* ConversationsView.swift */; };
		A719F74F2C51C23100E9487A /* Conversation.swift in Sources */ = {isa = PBXBuildFile; fileRef = A719F74E2C51C23100E9487A /* Conversation.swift */; };
		A719F7512C51C23200E9487A /* Assets.xcassets in Resources */ = {isa = PBXBuildFile; fileRef = A719F7502C51C23200E9487A /* Assets.xcassets */; };
		A719F7542C51C23200E9487A /* Preview Assets.xcassets in Resources */ = {isa = PBXBuildFile; fileRef = A719F7532C51C23200E9487A /* Preview Assets.xcassets */; };
		A71F42562C5C38E3006748A9 /* Spinner.swift in Sources */ = {isa = PBXBuildFile; fileRef = A71F42552C5C38E3006748A9 /* Spinner.swift */; };
		A71F42582C5D3871006748A9 /* Checkmark.swift in Sources */ = {isa = PBXBuildFile; fileRef = A71F42572C5D3871006748A9 /* Checkmark.swift */; };
		A71F425A2C5D5ADB006748A9 /* Contacts.swift in Sources */ = {isa = PBXBuildFile; fileRef = A71F42592C5D5ADB006748A9 /* Contacts.swift */; };
		A76FE5492C51D842009B1D19 /* ContactsView.swift in Sources */ = {isa = PBXBuildFile; fileRef = A76FE5482C51D842009B1D19 /* ContactsView.swift */; };
		A76FE54B2C51D84D009B1D19 /* SettingsView.swift in Sources */ = {isa = PBXBuildFile; fileRef = A76FE54A2C51D84D009B1D19 /* SettingsView.swift */; };
		A76FE54D2C51D882009B1D19 /* ContentView.swift in Sources */ = {isa = PBXBuildFile; fileRef = A76FE54C2C51D882009B1D19 /* ContentView.swift */; };
		A76FE5502C51DA93009B1D19 /* AppViewsNavigation.swift in Sources */ = {isa = PBXBuildFile; fileRef = A76FE54F2C51DA93009B1D19 /* AppViewsNavigation.swift */; };
		A76FE5532C5250B1009B1D19 /* EdgeBorder.swift in Sources */ = {isa = PBXBuildFile; fileRef = A76FE5522C5250B1009B1D19 /* EdgeBorder.swift */; };
		A76FE5562C527553009B1D19 /* SearchField.swift in Sources */ = {isa = PBXBuildFile; fileRef = A76FE5552C527553009B1D19 /* SearchField.swift */; };
		A76FE5592C527B5E009B1D19 /* Recipient.swift in Sources */ = {isa = PBXBuildFile; fileRef = A76FE5582C527B5E009B1D19 /* Recipient.swift */; };
		A76FE55B2C527FE6009B1D19 /* Message.swift in Sources */ = {isa = PBXBuildFile; fileRef = A76FE55A2C527FE6009B1D19 /* Message.swift */; };
		A76FE55D2C5290CD009B1D19 /* Contact.swift in Sources */ = {isa = PBXBuildFile; fileRef = A76FE55C2C5290CD009B1D19 /* Contact.swift */; };
		A76FE55F2C52A280009B1D19 /* Avatar.swift in Sources */ = {isa = PBXBuildFile; fileRef = A76FE55E2C52A280009B1D19 /* Avatar.swift */; };
		A76FE5652C52A5D4009B1D19 /* SessionId.swift in Sources */ = {isa = PBXBuildFile; fileRef = A76FE5642C52A5D4009B1D19 /* SessionId.swift */; };
		A76FE5672C52ACAE009B1D19 /* SwiftDataSchema.swift in Sources */ = {isa = PBXBuildFile; fileRef = A76FE5662C52ACAE009B1D19 /* SwiftDataSchema.swift */; };
		A76FE5692C52B2B2009B1D19 /* User.swift in Sources */ = {isa = PBXBuildFile; fileRef = A76FE5682C52B2B2009B1D19 /* User.swift */; };
		A76FE56B2C52B483009B1D19 /* UserManager.swift in Sources */ = {isa = PBXBuildFile; fileRef = A76FE56A2C52B483009B1D19 /* UserManager.swift */; };
		A76FE56E2C52BA14009B1D19 /* AuthView.swift in Sources */ = {isa = PBXBuildFile; fileRef = A76FE56D2C52BA14009B1D19 /* AuthView.swift */; };
		A76FE5712C52BE1F009B1D19 /* session-font-bold.ttf in Resources */ = {isa = PBXBuildFile; fileRef = A76FE5702C52BDAE009B1D19 /* session-font-bold.ttf */; };
		A76FE5732C52C0EF009B1D19 /* PrimaryButton.swift in Sources */ = {isa = PBXBuildFile; fileRef = A76FE5722C52C0EF009B1D19 /* PrimaryButton.swift */; };
		A76FE5762C52C698009B1D19 /* SecondaryButton.swift in Sources */ = {isa = PBXBuildFile; fileRef = A76FE5752C52C698009B1D19 /* SecondaryButton.swift */; };
		A76FE5782C52C8B7009B1D19 /* LoginView.swift in Sources */ = {isa = PBXBuildFile; fileRef = A76FE5772C52C8B7009B1D19 /* LoginView.swift */; };
		A76FE57A2C52C8D1009B1D19 /* SignupView.swift in Sources */ = {isa = PBXBuildFile; fileRef = A76FE5792C52C8D1009B1D19 /* SignupView.swift */; };
		A76FE57C2C52C977009B1D19 /* ViewManager.swift in Sources */ = {isa = PBXBuildFile; fileRef = A76FE57B2C52C977009B1D19 /* ViewManager.swift */; };
		A76FE57E2C52DA89009B1D19 /* SessionIdAnimation.swift in Sources */ = {isa = PBXBuildFile; fileRef = A76FE57D2C52DA89009B1D19 /* SessionIdAnimation.swift */; };
		A7E68C5A2C55B4B4005D8819 /* KeychainManager.swift in Sources */ = {isa = PBXBuildFile; fileRef = A7E68C592C55B4B4005D8819 /* KeychainManager.swift */; };
		A7E68C5C2C566B08005D8819 /* Conversations.swift in Sources */ = {isa = PBXBuildFile; fileRef = A7E68C5B2C566B08005D8819 /* Conversations.swift */; };
		A7E68C5F2C566BEF005D8819 /* Users.swift in Sources */ = {isa = PBXBuildFile; fileRef = A7E68C5E2C566BEF005D8819 /* Users.swift */; };
		A7E68C612C567478005D8819 /* Recipients.swift in Sources */ = {isa = PBXBuildFile; fileRef = A7E68C602C567478005D8819 /* Recipients.swift */; };
		A7E68C652C56913B005D8819 /* NotBinding.swift in Sources */ = {isa = PBXBuildFile; fileRef = A7E68C642C56913B005D8819 /* NotBinding.swift */; };
		A7E68C672C56C2C5005D8819 /* IfConditionalModifier.swift in Sources */ = {isa = PBXBuildFile; fileRef = A7E68C662C56C2C5005D8819 /* IfConditionalModifier.swift */; };
		A7E68C692C56C8C5005D8819 /* Color.swift in Sources */ = {isa = PBXBuildFile; fileRef = A7E68C682C56C8C5005D8819 /* Color.swift */; };
		A7E68C6B2C56CB88005D8819 /* NewConversationView.swift in Sources */ = {isa = PBXBuildFile; fileRef = A7E68C6A2C56CB88005D8819 /* NewConversationView.swift */; };
		A7E68C6D2C56CB8E005D8819 /* TipsView.swift in Sources */ = {isa = PBXBuildFile; fileRef = A7E68C6C2C56CB8E005D8819 /* TipsView.swift */; };
		A7E68C6F2C56CB94005D8819 /* ConversationView.swift in Sources */ = {isa = PBXBuildFile; fileRef = A7E68C6E2C56CB94005D8819 /* ConversationView.swift */; };
		A7E68C712C57D6F1005D8819 /* MessageBubble.swift in Sources */ = {isa = PBXBuildFile; fileRef = A7E68C702C57D6F1005D8819 /* MessageBubble.swift */; };
		A7E68C732C5903CD005D8819 /* Messages.swift in Sources */ = {isa = PBXBuildFile; fileRef = A7E68C722C5903CD005D8819 /* Messages.swift */; };
		A7EB5E6E2C53B46800A887B3 /* ToolbarStyleButton.swift in Sources */ = {isa = PBXBuildFile; fileRef = A7EB5E6D2C53B46800A887B3 /* ToolbarStyleButton.swift */; };
/* End PBXBuildFile section */

/* Begin PBXFileReference section */
		A70072602C5A8C7B00C5370D /* AvatarSelector.swift */ = {isa = PBXFileReference; lastKnownFileType = sourcecode.swift; path = AvatarSelector.swift; sourceTree = "<group>"; };
		A70072642C5ACA9000C5370D /* ObjectNotification.swift */ = {isa = PBXFileReference; lastKnownFileType = sourcecode.swift; path = ObjectNotification.swift; sourceTree = "<group>"; };
		A7037D102C55562C00B53FBD /* BackendManager.swift */ = {isa = PBXFileReference; lastKnownFileType = sourcecode.swift; path = BackendManager.swift; sourceTree = "<group>"; };
		A719F7472C51C23100E9487A /* Session Native.app */ = {isa = PBXFileReference; explicitFileType = wrapper.application; includeInIndex = 0; path = "Session Native.app"; sourceTree = BUILT_PRODUCTS_DIR; };
		A719F74A2C51C23100E9487A /* Session_NativeApp.swift */ = {isa = PBXFileReference; lastKnownFileType = sourcecode.swift; path = Session_NativeApp.swift; sourceTree = "<group>"; };
		A719F74C2C51C23100E9487A /* ConversationsView.swift */ = {isa = PBXFileReference; lastKnownFileType = sourcecode.swift; path = ConversationsView.swift; sourceTree = "<group>"; };
		A719F74E2C51C23100E9487A /* Conversation.swift */ = {isa = PBXFileReference; lastKnownFileType = sourcecode.swift; path = Conversation.swift; sourceTree = "<group>"; };
		A719F7502C51C23200E9487A /* Assets.xcassets */ = {isa = PBXFileReference; lastKnownFileType = folder.assetcatalog; path = Assets.xcassets; sourceTree = "<group>"; };
		A719F7532C51C23200E9487A /* Preview Assets.xcassets */ = {isa = PBXFileReference; lastKnownFileType = folder.assetcatalog; path = "Preview Assets.xcassets"; sourceTree = "<group>"; };
		A719F7552C51C23200E9487A /* Session_Native.entitlements */ = {isa = PBXFileReference; lastKnownFileType = text.plist.entitlements; path = Session_Native.entitlements; sourceTree = "<group>"; };
		A71F42552C5C38E3006748A9 /* Spinner.swift */ = {isa = PBXFileReference; lastKnownFileType = sourcecode.swift; path = Spinner.swift; sourceTree = "<group>"; };
		A71F42572C5D3871006748A9 /* Checkmark.swift */ = {isa = PBXFileReference; lastKnownFileType = sourcecode.swift; path = Checkmark.swift; sourceTree = "<group>"; };
		A71F42592C5D5ADB006748A9 /* Contacts.swift */ = {isa = PBXFileReference; lastKnownFileType = sourcecode.swift; path = Contacts.swift; sourceTree = "<group>"; };
		A76FE5482C51D842009B1D19 /* ContactsView.swift */ = {isa = PBXFileReference; lastKnownFileType = sourcecode.swift; path = ContactsView.swift; sourceTree = "<group>"; };
		A76FE54A2C51D84D009B1D19 /* SettingsView.swift */ = {isa = PBXFileReference; lastKnownFileType = sourcecode.swift; path = SettingsView.swift; sourceTree = "<group>"; };
		A76FE54C2C51D882009B1D19 /* ContentView.swift */ = {isa = PBXFileReference; lastKnownFileType = sourcecode.swift; path = ContentView.swift; sourceTree = "<group>"; };
		A76FE54F2C51DA93009B1D19 /* AppViewsNavigation.swift */ = {isa = PBXFileReference; lastKnownFileType = sourcecode.swift; path = AppViewsNavigation.swift; sourceTree = "<group>"; };
		A76FE5522C5250B1009B1D19 /* EdgeBorder.swift */ = {isa = PBXFileReference; lastKnownFileType = sourcecode.swift; path = EdgeBorder.swift; sourceTree = "<group>"; };
		A76FE5552C527553009B1D19 /* SearchField.swift */ = {isa = PBXFileReference; lastKnownFileType = sourcecode.swift; path = SearchField.swift; sourceTree = "<group>"; };
		A76FE5582C527B5E009B1D19 /* Recipient.swift */ = {isa = PBXFileReference; lastKnownFileType = sourcecode.swift; path = Recipient.swift; sourceTree = "<group>"; };
		A76FE55A2C527FE6009B1D19 /* Message.swift */ = {isa = PBXFileReference; lastKnownFileType = sourcecode.swift; path = Message.swift; sourceTree = "<group>"; };
		A76FE55C2C5290CD009B1D19 /* Contact.swift */ = {isa = PBXFileReference; lastKnownFileType = sourcecode.swift; path = Contact.swift; sourceTree = "<group>"; };
		A76FE55E2C52A280009B1D19 /* Avatar.swift */ = {isa = PBXFileReference; lastKnownFileType = sourcecode.swift; path = Avatar.swift; sourceTree = "<group>"; };
		A76FE5642C52A5D4009B1D19 /* SessionId.swift */ = {isa = PBXFileReference; fileEncoding = 4; lastKnownFileType = sourcecode.swift; path = SessionId.swift; sourceTree = "<group>"; };
		A76FE5662C52ACAE009B1D19 /* SwiftDataSchema.swift */ = {isa = PBXFileReference; lastKnownFileType = sourcecode.swift; path = SwiftDataSchema.swift; sourceTree = "<group>"; };
		A76FE5682C52B2B2009B1D19 /* User.swift */ = {isa = PBXFileReference; lastKnownFileType = sourcecode.swift; path = User.swift; sourceTree = "<group>"; };
		A76FE56A2C52B483009B1D19 /* UserManager.swift */ = {isa = PBXFileReference; lastKnownFileType = sourcecode.swift; path = UserManager.swift; sourceTree = "<group>"; };
		A76FE56D2C52BA14009B1D19 /* AuthView.swift */ = {isa = PBXFileReference; lastKnownFileType = sourcecode.swift; path = AuthView.swift; sourceTree = "<group>"; };
		A76FE5702C52BDAE009B1D19 /* session-font-bold.ttf */ = {isa = PBXFileReference; lastKnownFileType = file; path = "session-font-bold.ttf"; sourceTree = "<group>"; };
		A76FE5722C52C0EF009B1D19 /* PrimaryButton.swift */ = {isa = PBXFileReference; lastKnownFileType = sourcecode.swift; path = PrimaryButton.swift; sourceTree = "<group>"; };
		A76FE5752C52C698009B1D19 /* SecondaryButton.swift */ = {isa = PBXFileReference; lastKnownFileType = sourcecode.swift; path = SecondaryButton.swift; sourceTree = "<group>"; };
		A76FE5772C52C8B7009B1D19 /* LoginView.swift */ = {isa = PBXFileReference; lastKnownFileType = sourcecode.swift; path = LoginView.swift; sourceTree = "<group>"; };
		A76FE5792C52C8D1009B1D19 /* SignupView.swift */ = {isa = PBXFileReference; lastKnownFileType = sourcecode.swift; path = SignupView.swift; sourceTree = "<group>"; };
		A76FE57B2C52C977009B1D19 /* ViewManager.swift */ = {isa = PBXFileReference; lastKnownFileType = sourcecode.swift; path = ViewManager.swift; sourceTree = "<group>"; };
		A76FE57D2C52DA89009B1D19 /* SessionIdAnimation.swift */ = {isa = PBXFileReference; lastKnownFileType = sourcecode.swift; path = SessionIdAnimation.swift; sourceTree = "<group>"; };
		A7E68C592C55B4B4005D8819 /* KeychainManager.swift */ = {isa = PBXFileReference; lastKnownFileType = sourcecode.swift; path = KeychainManager.swift; sourceTree = "<group>"; };
		A7E68C5B2C566B08005D8819 /* Conversations.swift */ = {isa = PBXFileReference; lastKnownFileType = sourcecode.swift; path = Conversations.swift; sourceTree = "<group>"; };
		A7E68C5E2C566BEF005D8819 /* Users.swift */ = {isa = PBXFileReference; lastKnownFileType = sourcecode.swift; path = Users.swift; sourceTree = "<group>"; };
		A7E68C602C567478005D8819 /* Recipients.swift */ = {isa = PBXFileReference; lastKnownFileType = sourcecode.swift; path = Recipients.swift; sourceTree = "<group>"; };
		A7E68C642C56913B005D8819 /* NotBinding.swift */ = {isa = PBXFileReference; lastKnownFileType = sourcecode.swift; path = NotBinding.swift; sourceTree = "<group>"; };
		A7E68C662C56C2C5005D8819 /* IfConditionalModifier.swift */ = {isa = PBXFileReference; lastKnownFileType = sourcecode.swift; path = IfConditionalModifier.swift; sourceTree = "<group>"; };
		A7E68C682C56C8C5005D8819 /* Color.swift */ = {isa = PBXFileReference; lastKnownFileType = sourcecode.swift; path = Color.swift; sourceTree = "<group>"; };
		A7E68C6A2C56CB88005D8819 /* NewConversationView.swift */ = {isa = PBXFileReference; lastKnownFileType = sourcecode.swift; path = NewConversationView.swift; sourceTree = "<group>"; };
		A7E68C6C2C56CB8E005D8819 /* TipsView.swift */ = {isa = PBXFileReference; lastKnownFileType = sourcecode.swift; path = TipsView.swift; sourceTree = "<group>"; };
		A7E68C6E2C56CB94005D8819 /* ConversationView.swift */ = {isa = PBXFileReference; lastKnownFileType = sourcecode.swift; path = ConversationView.swift; sourceTree = "<group>"; };
		A7E68C702C57D6F1005D8819 /* MessageBubble.swift */ = {isa = PBXFileReference; lastKnownFileType = sourcecode.swift; path = MessageBubble.swift; sourceTree = "<group>"; };
		A7E68C722C5903CD005D8819 /* Messages.swift */ = {isa = PBXFileReference; lastKnownFileType = sourcecode.swift; path = Messages.swift; sourceTree = "<group>"; };
		A7EB5E6D2C53B46800A887B3 /* ToolbarStyleButton.swift */ = {isa = PBXFileReference; lastKnownFileType = sourcecode.swift; path = ToolbarStyleButton.swift; sourceTree = "<group>"; };
/* End PBXFileReference section */

/* Begin PBXFrameworksBuildPhase section */
		A719F7442C51C23100E9487A /* Frameworks */ = {
			isa = PBXFrameworksBuildPhase;
			buildActionMask = 2147483647;
			files = (
				A7037D142C5578C500B53FBD /* MessagePack in Frameworks */,
			);
			runOnlyForDeploymentPostprocessing = 0;
		};
/* End PBXFrameworksBuildPhase section */

/* Begin PBXGroup section */
		A719F73E2C51C23100E9487A = {
			isa = PBXGroup;
			children = (
				A719F7492C51C23100E9487A /* Session Native */,
				A719F7482C51C23100E9487A /* Products */,
			);
			sourceTree = "<group>";
		};
		A719F7482C51C23100E9487A /* Products */ = {
			isa = PBXGroup;
			children = (
				A719F7472C51C23100E9487A /* Session Native.app */,
			);
			name = Products;
			sourceTree = "<group>";
		};
		A719F7492C51C23100E9487A /* Session Native */ = {
			isa = PBXGroup;
			children = (
				A719F74A2C51C23100E9487A /* Session_NativeApp.swift */,
				A76FE54C2C51D882009B1D19 /* ContentView.swift */,
				A76FE54E2C51D886009B1D19 /* Views */,
				A76FE56C2C52B488009B1D19 /* Managers */,
				A719F75B2C51CB7B00E9487A /* Components */,
				A76FE5602C52A287009B1D19 /* Entities */,
				A76FE5572C527A2C009B1D19 /* Model */,
				A76FE5542C5250B5009B1D19 /* Extensions */,
				A76FE5632C52A516009B1D19 /* Utils */,
				A76FE56F2C52BDA1009B1D19 /* Shared */,
				A76FE5742C52C0FA009B1D19 /* UI */,
				A719F7502C51C23200E9487A /* Assets.xcassets */,
				A719F7552C51C23200E9487A /* Session_Native.entitlements */,
				A719F7522C51C23200E9487A /* Preview Content */,
				A7E68C5D2C566B1C005D8819 /* Preview Mocks */,
			);
			path = "Session Native";
			sourceTree = "<group>";
		};
		A719F7522C51C23200E9487A /* Preview Content */ = {
			isa = PBXGroup;
			children = (
				A719F7532C51C23200E9487A /* Preview Assets.xcassets */,
			);
			path = "Preview Content";
			sourceTree = "<group>";
		};
		A719F75B2C51CB7B00E9487A /* Components */ = {
			isa = PBXGroup;
			children = (
				A76FE54F2C51DA93009B1D19 /* AppViewsNavigation.swift */,
				A70072602C5A8C7B00C5370D /* AvatarSelector.swift */,
				A76FE5552C527553009B1D19 /* SearchField.swift */,
			);
			path = Components;
			sourceTree = "<group>";
		};
		A76FE54E2C51D886009B1D19 /* Views */ = {
			isa = PBXGroup;
			children = (
				A76FE56D2C52BA14009B1D19 /* AuthView.swift */,
				A76FE5792C52C8D1009B1D19 /* SignupView.swift */,
				A76FE5772C52C8B7009B1D19 /* LoginView.swift */,
				A76FE5482C51D842009B1D19 /* ContactsView.swift */,
				A719F74C2C51C23100E9487A /* ConversationsView.swift */,
				A7E68C6C2C56CB8E005D8819 /* TipsView.swift */,
				A7E68C6A2C56CB88005D8819 /* NewConversationView.swift */,
				A7E68C6E2C56CB94005D8819 /* ConversationView.swift */,
				A76FE54A2C51D84D009B1D19 /* SettingsView.swift */,
			);
			path = Views;
			sourceTree = "<group>";
		};
		A76FE5542C5250B5009B1D19 /* Extensions */ = {
			isa = PBXGroup;
			children = (
				A76FE5522C5250B1009B1D19 /* EdgeBorder.swift */,
				A70072642C5ACA9000C5370D /* ObjectNotification.swift */,
				A7E68C682C56C8C5005D8819 /* Color.swift */,
				A7E68C642C56913B005D8819 /* NotBinding.swift */,
				A7E68C662C56C2C5005D8819 /* IfConditionalModifier.swift */,
			);
			path = Extensions;
			sourceTree = "<group>";
		};
		A76FE5572C527A2C009B1D19 /* Model */ = {
			isa = PBXGroup;
			children = (
				A719F74E2C51C23100E9487A /* Conversation.swift */,
				A76FE55C2C5290CD009B1D19 /* Contact.swift */,
				A76FE55A2C527FE6009B1D19 /* Message.swift */,
				A76FE5582C527B5E009B1D19 /* Recipient.swift */,
				A76FE5682C52B2B2009B1D19 /* User.swift */,
				A76FE5662C52ACAE009B1D19 /* SwiftDataSchema.swift */,
			);
			path = Model;
			sourceTree = "<group>";
		};
		A76FE5602C52A287009B1D19 /* Entities */ = {
			isa = PBXGroup;
			children = (
				A76FE55E2C52A280009B1D19 /* Avatar.swift */,
				A71F42552C5C38E3006748A9 /* Spinner.swift */,
				A71F42572C5D3871006748A9 /* Checkmark.swift */,
				A7E68C702C57D6F1005D8819 /* MessageBubble.swift */,
				A76FE57D2C52DA89009B1D19 /* SessionIdAnimation.swift */,
			);
			path = Entities;
			sourceTree = "<group>";
		};
		A76FE5632C52A516009B1D19 /* Utils */ = {
			isa = PBXGroup;
			children = (
				A76FE5642C52A5D4009B1D19 /* SessionId.swift */,
			);
			path = Utils;
			sourceTree = "<group>";
		};
		A76FE56C2C52B488009B1D19 /* Managers */ = {
			isa = PBXGroup;
			children = (
				A76FE57B2C52C977009B1D19 /* ViewManager.swift */,
				A7E68C592C55B4B4005D8819 /* KeychainManager.swift */,
				A76FE56A2C52B483009B1D19 /* UserManager.swift */,
				A7037D102C55562C00B53FBD /* BackendManager.swift */,
			);
			path = Managers;
			sourceTree = "<group>";
		};
		A76FE56F2C52BDA1009B1D19 /* Shared */ = {
			isa = PBXGroup;
			children = (
				A76FE5702C52BDAE009B1D19 /* session-font-bold.ttf */,
			);
			path = Shared;
			sourceTree = "<group>";
		};
		A76FE5742C52C0FA009B1D19 /* UI */ = {
			isa = PBXGroup;
			children = (
				A76FE5752C52C698009B1D19 /* SecondaryButton.swift */,
				A7EB5E6D2C53B46800A887B3 /* ToolbarStyleButton.swift */,
				A76FE5722C52C0EF009B1D19 /* PrimaryButton.swift */,
			);
			path = UI;
			sourceTree = "<group>";
		};
		A7E68C5D2C566B1C005D8819 /* Preview Mocks */ = {
			isa = PBXGroup;
			children = (
				A7E68C5B2C566B08005D8819 /* Conversations.swift */,
				A7E68C722C5903CD005D8819 /* Messages.swift */,
				A71F42592C5D5ADB006748A9 /* Contacts.swift */,
				A7E68C602C567478005D8819 /* Recipients.swift */,
				A7E68C5E2C566BEF005D8819 /* Users.swift */,
			);
			path = "Preview Mocks";
			sourceTree = "<group>";
		};
/* End PBXGroup section */

/* Begin PBXNativeTarget section */
		A719F7462C51C23100E9487A /* Session Native */ = {
			isa = PBXNativeTarget;
			buildConfigurationList = A719F7582C51C23200E9487A /* Build configuration list for PBXNativeTarget "Session Native" */;
			buildPhases = (
				A719F7432C51C23100E9487A /* Sources */,
				A719F7442C51C23100E9487A /* Frameworks */,
				A719F7452C51C23100E9487A /* Resources */,
			);
			buildRules = (
			);
			dependencies = (
			);
			name = "Session Native";
			packageProductDependencies = (
				A7037D132C5578C500B53FBD /* MessagePack */,
			);
			productName = "Session Native";
			productReference = A719F7472C51C23100E9487A /* Session Native.app */;
			productType = "com.apple.product-type.application";
		};
/* End PBXNativeTarget section */

/* Begin PBXProject section */
		A719F73F2C51C23100E9487A /* Project object */ = {
			isa = PBXProject;
			attributes = {
				BuildIndependentTargetsInParallel = 1;
				LastSwiftUpdateCheck = 1540;
				LastUpgradeCheck = 1540;
				TargetAttributes = {
					A719F7462C51C23100E9487A = {
						CreatedOnToolsVersion = 15.4;
					};
				};
			};
			buildConfigurationList = A719F7422C51C23100E9487A /* Build configuration list for PBXProject "Session Native" */;
			compatibilityVersion = "Xcode 14.0";
			developmentRegion = en;
			hasScannedForEncodings = 0;
			knownRegions = (
				en,
				Base,
			);
			mainGroup = A719F73E2C51C23100E9487A;
			packageReferences = (
				A7037D122C5578C500B53FBD /* XCRemoteSwiftPackageReference "MessagePack.swift" */,
			);
			productRefGroup = A719F7482C51C23100E9487A /* Products */;
			projectDirPath = "";
			projectRoot = "";
			targets = (
				A719F7462C51C23100E9487A /* Session Native */,
			);
		};
/* End PBXProject section */

/* Begin PBXResourcesBuildPhase section */
		A719F7452C51C23100E9487A /* Resources */ = {
			isa = PBXResourcesBuildPhase;
			buildActionMask = 2147483647;
			files = (
				A76FE5712C52BE1F009B1D19 /* session-font-bold.ttf in Resources */,
				A719F7542C51C23200E9487A /* Preview Assets.xcassets in Resources */,
				A719F7512C51C23200E9487A /* Assets.xcassets in Resources */,
			);
			runOnlyForDeploymentPostprocessing = 0;
		};
/* End PBXResourcesBuildPhase section */

/* Begin PBXSourcesBuildPhase section */
		A719F7432C51C23100E9487A /* Sources */ = {
			isa = PBXSourcesBuildPhase;
			buildActionMask = 2147483647;
			files = (
				A76FE55D2C5290CD009B1D19 /* Contact.swift in Sources */,
				A70072652C5ACA9000C5370D /* ObjectNotification.swift in Sources */,
				A7E68C652C56913B005D8819 /* NotBinding.swift in Sources */,
				A7E68C692C56C8C5005D8819 /* Color.swift in Sources */,
				A76FE5562C527553009B1D19 /* SearchField.swift in Sources */,
				A719F74D2C51C23100E9487A /* ConversationsView.swift in Sources */,
				A719F74F2C51C23100E9487A /* Conversation.swift in Sources */,
				A76FE5692C52B2B2009B1D19 /* User.swift in Sources */,
				A7E68C732C5903CD005D8819 /* Messages.swift in Sources */,
				A76FE54D2C51D882009B1D19 /* ContentView.swift in Sources */,
				A76FE54B2C51D84D009B1D19 /* SettingsView.swift in Sources */,
				A7E68C712C57D6F1005D8819 /* MessageBubble.swift in Sources */,
				A71F42562C5C38E3006748A9 /* Spinner.swift in Sources */,
				A7E68C672C56C2C5005D8819 /* IfConditionalModifier.swift in Sources */,
				A76FE5592C527B5E009B1D19 /* Recipient.swift in Sources */,
				A76FE56E2C52BA14009B1D19 /* AuthView.swift in Sources */,
				A76FE55B2C527FE6009B1D19 /* Message.swift in Sources */,
				A76FE55F2C52A280009B1D19 /* Avatar.swift in Sources */,
				A76FE5502C51DA93009B1D19 /* AppViewsNavigation.swift in Sources */,
				A7EB5E6E2C53B46800A887B3 /* ToolbarStyleButton.swift in Sources */,
				A7E68C5A2C55B4B4005D8819 /* KeychainManager.swift in Sources */,
				A76FE57E2C52DA89009B1D19 /* SessionIdAnimation.swift in Sources */,
				A76FE5652C52A5D4009B1D19 /* SessionId.swift in Sources */,
				A719F74B2C51C23100E9487A /* Session_NativeApp.swift in Sources */,
				A7037D112C55562C00B53FBD /* BackendManager.swift in Sources */,
				A76FE5762C52C698009B1D19 /* SecondaryButton.swift in Sources */,
				A7E68C6B2C56CB88005D8819 /* NewConversationView.swift in Sources */,
				A71F42582C5D3871006748A9 /* Checkmark.swift in Sources */,
				A76FE5782C52C8B7009B1D19 /* LoginView.swift in Sources */,
				A76FE5532C5250B1009B1D19 /* EdgeBorder.swift in Sources */,
				A7E68C6D2C56CB8E005D8819 /* TipsView.swift in Sources */,
				A71F425A2C5D5ADB006748A9 /* Contacts.swift in Sources */,
				A7E68C612C567478005D8819 /* Recipients.swift in Sources */,
				A76FE5672C52ACAE009B1D19 /* SwiftDataSchema.swift in Sources */,
				A7E68C5F2C566BEF005D8819 /* Users.swift in Sources */,
				A76FE57A2C52C8D1009B1D19 /* SignupView.swift in Sources */,
				A76FE57C2C52C977009B1D19 /* ViewManager.swift in Sources */,
				A70072612C5A8C7B00C5370D /* AvatarSelector.swift in Sources */,
				A7E68C5C2C566B08005D8819 /* Conversations.swift in Sources */,
				A76FE5732C52C0EF009B1D19 /* PrimaryButton.swift in Sources */,
				A76FE5492C51D842009B1D19 /* ContactsView.swift in Sources */,
				A76FE56B2C52B483009B1D19 /* UserManager.swift in Sources */,
				A7E68C6F2C56CB94005D8819 /* ConversationView.swift in Sources */,
			);
			runOnlyForDeploymentPostprocessing = 0;
		};
/* End PBXSourcesBuildPhase section */

/* Begin XCBuildConfiguration section */
		A719F7562C51C23200E9487A /* Debug */ = {
			isa = XCBuildConfiguration;
			buildSettings = {
				ALWAYS_SEARCH_USER_PATHS = NO;
				ASSETCATALOG_COMPILER_GENERATE_SWIFT_ASSET_SYMBOL_EXTENSIONS = YES;
				CLANG_ANALYZER_NONNULL = YES;
				CLANG_ANALYZER_NUMBER_OBJECT_CONVERSION = YES_AGGRESSIVE;
				CLANG_CXX_LANGUAGE_STANDARD = "gnu++20";
				CLANG_ENABLE_MODULES = YES;
				CLANG_ENABLE_OBJC_ARC = YES;
				CLANG_ENABLE_OBJC_WEAK = YES;
				CLANG_WARN_BLOCK_CAPTURE_AUTORELEASING = YES;
				CLANG_WARN_BOOL_CONVERSION = YES;
				CLANG_WARN_COMMA = YES;
				CLANG_WARN_CONSTANT_CONVERSION = YES;
				CLANG_WARN_DEPRECATED_OBJC_IMPLEMENTATIONS = YES;
				CLANG_WARN_DIRECT_OBJC_ISA_USAGE = YES_ERROR;
				CLANG_WARN_DOCUMENTATION_COMMENTS = YES;
				CLANG_WARN_EMPTY_BODY = YES;
				CLANG_WARN_ENUM_CONVERSION = YES;
				CLANG_WARN_INFINITE_RECURSION = YES;
				CLANG_WARN_INT_CONVERSION = YES;
				CLANG_WARN_NON_LITERAL_NULL_CONVERSION = YES;
				CLANG_WARN_OBJC_IMPLICIT_RETAIN_SELF = YES;
				CLANG_WARN_OBJC_LITERAL_CONVERSION = YES;
				CLANG_WARN_OBJC_ROOT_CLASS = YES_ERROR;
				CLANG_WARN_QUOTED_INCLUDE_IN_FRAMEWORK_HEADER = YES;
				CLANG_WARN_RANGE_LOOP_ANALYSIS = YES;
				CLANG_WARN_STRICT_PROTOTYPES = YES;
				CLANG_WARN_SUSPICIOUS_MOVE = YES;
				CLANG_WARN_UNGUARDED_AVAILABILITY = YES_AGGRESSIVE;
				CLANG_WARN_UNREACHABLE_CODE = YES;
				CLANG_WARN__DUPLICATE_METHOD_MATCH = YES;
				COPY_PHASE_STRIP = NO;
				DEBUG_INFORMATION_FORMAT = dwarf;
				ENABLE_STRICT_OBJC_MSGSEND = YES;
				ENABLE_TESTABILITY = YES;
				ENABLE_USER_SCRIPT_SANDBOXING = YES;
				GCC_C_LANGUAGE_STANDARD = gnu17;
				GCC_DYNAMIC_NO_PIC = NO;
				GCC_NO_COMMON_BLOCKS = YES;
				GCC_OPTIMIZATION_LEVEL = 0;
				GCC_PREPROCESSOR_DEFINITIONS = (
					"DEBUG=1",
					"$(inherited)",
				);
				GCC_WARN_64_TO_32_BIT_CONVERSION = YES;
				GCC_WARN_ABOUT_RETURN_TYPE = YES_ERROR;
				GCC_WARN_UNDECLARED_SELECTOR = YES;
				GCC_WARN_UNINITIALIZED_AUTOS = YES_AGGRESSIVE;
				GCC_WARN_UNUSED_FUNCTION = YES;
				GCC_WARN_UNUSED_VARIABLE = YES;
				LOCALIZATION_PREFERS_STRING_CATALOGS = YES;
				MACOSX_DEPLOYMENT_TARGET = 14.5;
				MTL_ENABLE_DEBUG_INFO = INCLUDE_SOURCE;
				MTL_FAST_MATH = YES;
				ONLY_ACTIVE_ARCH = YES;
				SDKROOT = macosx;
				SWIFT_ACTIVE_COMPILATION_CONDITIONS = "DEBUG $(inherited)";
				SWIFT_OPTIMIZATION_LEVEL = "-Onone";
			};
			name = Debug;
		};
		A719F7572C51C23200E9487A /* Release */ = {
			isa = XCBuildConfiguration;
			buildSettings = {
				ALWAYS_SEARCH_USER_PATHS = NO;
				ASSETCATALOG_COMPILER_GENERATE_SWIFT_ASSET_SYMBOL_EXTENSIONS = YES;
				CLANG_ANALYZER_NONNULL = YES;
				CLANG_ANALYZER_NUMBER_OBJECT_CONVERSION = YES_AGGRESSIVE;
				CLANG_CXX_LANGUAGE_STANDARD = "gnu++20";
				CLANG_ENABLE_MODULES = YES;
				CLANG_ENABLE_OBJC_ARC = YES;
				CLANG_ENABLE_OBJC_WEAK = YES;
				CLANG_WARN_BLOCK_CAPTURE_AUTORELEASING = YES;
				CLANG_WARN_BOOL_CONVERSION = YES;
				CLANG_WARN_COMMA = YES;
				CLANG_WARN_CONSTANT_CONVERSION = YES;
				CLANG_WARN_DEPRECATED_OBJC_IMPLEMENTATIONS = YES;
				CLANG_WARN_DIRECT_OBJC_ISA_USAGE = YES_ERROR;
				CLANG_WARN_DOCUMENTATION_COMMENTS = YES;
				CLANG_WARN_EMPTY_BODY = YES;
				CLANG_WARN_ENUM_CONVERSION = YES;
				CLANG_WARN_INFINITE_RECURSION = YES;
				CLANG_WARN_INT_CONVERSION = YES;
				CLANG_WARN_NON_LITERAL_NULL_CONVERSION = YES;
				CLANG_WARN_OBJC_IMPLICIT_RETAIN_SELF = YES;
				CLANG_WARN_OBJC_LITERAL_CONVERSION = YES;
				CLANG_WARN_OBJC_ROOT_CLASS = YES_ERROR;
				CLANG_WARN_QUOTED_INCLUDE_IN_FRAMEWORK_HEADER = YES;
				CLANG_WARN_RANGE_LOOP_ANALYSIS = YES;
				CLANG_WARN_STRICT_PROTOTYPES = YES;
				CLANG_WARN_SUSPICIOUS_MOVE = YES;
				CLANG_WARN_UNGUARDED_AVAILABILITY = YES_AGGRESSIVE;
				CLANG_WARN_UNREACHABLE_CODE = YES;
				CLANG_WARN__DUPLICATE_METHOD_MATCH = YES;
				COPY_PHASE_STRIP = NO;
				DEBUG_INFORMATION_FORMAT = "dwarf-with-dsym";
				ENABLE_NS_ASSERTIONS = NO;
				ENABLE_STRICT_OBJC_MSGSEND = YES;
				ENABLE_USER_SCRIPT_SANDBOXING = YES;
				GCC_C_LANGUAGE_STANDARD = gnu17;
				GCC_NO_COMMON_BLOCKS = YES;
				GCC_WARN_64_TO_32_BIT_CONVERSION = YES;
				GCC_WARN_ABOUT_RETURN_TYPE = YES_ERROR;
				GCC_WARN_UNDECLARED_SELECTOR = YES;
				GCC_WARN_UNINITIALIZED_AUTOS = YES_AGGRESSIVE;
				GCC_WARN_UNUSED_FUNCTION = YES;
				GCC_WARN_UNUSED_VARIABLE = YES;
				LOCALIZATION_PREFERS_STRING_CATALOGS = YES;
				MACOSX_DEPLOYMENT_TARGET = 14.5;
				MTL_ENABLE_DEBUG_INFO = NO;
				MTL_FAST_MATH = YES;
				SDKROOT = macosx;
				SWIFT_COMPILATION_MODE = wholemodule;
			};
			name = Release;
		};
		A719F7592C51C23200E9487A /* Debug */ = {
			isa = XCBuildConfiguration;
			buildSettings = {
				ASSETCATALOG_COMPILER_APPICON_NAME = AppIcon;
				ASSETCATALOG_COMPILER_GLOBAL_ACCENT_COLOR_NAME = AccentColor;
				CODE_SIGN_ENTITLEMENTS = "Session Native/Session_Native.entitlements";
				CODE_SIGN_STYLE = Automatic;
				COMBINE_HIDPI_IMAGES = YES;
				CURRENT_PROJECT_VERSION = 1;
				DEVELOPMENT_ASSET_PATHS = "\"Session Native/Preview Content\"";
				DEVELOPMENT_TEAM = 5QP6XSDPFK;
				ENABLE_HARDENED_RUNTIME = YES;
				ENABLE_PREVIEWS = YES;
				GENERATE_INFOPLIST_FILE = YES;
				INFOPLIST_KEY_LSApplicationCategoryType = "public.app-category.social-networking";
				INFOPLIST_KEY_NSHumanReadableCopyright = "";
				LD_RUNPATH_SEARCH_PATHS = (
					"$(inherited)",
					"@executable_path/../Frameworks",
				);
				MACOSX_DEPLOYMENT_TARGET = 14.0;
				MARKETING_VERSION = 1.0;
				PRODUCT_BUNDLE_IDENTIFIER = "dev.hloth.Session-Native";
				PRODUCT_NAME = "$(TARGET_NAME)";
				SWIFT_EMIT_LOC_STRINGS = YES;
				SWIFT_VERSION = 5.0;
			};
			name = Debug;
		};
		A719F75A2C51C23200E9487A /* Release */ = {
			isa = XCBuildConfiguration;
			buildSettings = {
				ASSETCATALOG_COMPILER_APPICON_NAME = AppIcon;
				ASSETCATALOG_COMPILER_GLOBAL_ACCENT_COLOR_NAME = AccentColor;
				CODE_SIGN_ENTITLEMENTS = "Session Native/Session_Native.entitlements";
				CODE_SIGN_STYLE = Automatic;
				COMBINE_HIDPI_IMAGES = YES;
				CURRENT_PROJECT_VERSION = 1;
				DEVELOPMENT_ASSET_PATHS = "\"Session Native/Preview Content\"";
				DEVELOPMENT_TEAM = 5QP6XSDPFK;
				ENABLE_HARDENED_RUNTIME = YES;
				ENABLE_PREVIEWS = YES;
				GENERATE_INFOPLIST_FILE = YES;
				INFOPLIST_KEY_LSApplicationCategoryType = "public.app-category.social-networking";
				INFOPLIST_KEY_NSHumanReadableCopyright = "";
				LD_RUNPATH_SEARCH_PATHS = (
					"$(inherited)",
					"@executable_path/../Frameworks",
				);
				MACOSX_DEPLOYMENT_TARGET = 14.0;
				MARKETING_VERSION = 1.0;
				PRODUCT_BUNDLE_IDENTIFIER = "dev.hloth.Session-Native";
				PRODUCT_NAME = "$(TARGET_NAME)";
				SWIFT_EMIT_LOC_STRINGS = YES;
				SWIFT_VERSION = 5.0;
			};
			name = Release;
		};
/* End XCBuildConfiguration section */

/* Begin XCConfigurationList section */
		A719F7422C51C23100E9487A /* Build configuration list for PBXProject "Session Native" */ = {
			isa = XCConfigurationList;
			buildConfigurations = (
				A719F7562C51C23200E9487A /* Debug */,
				A719F7572C51C23200E9487A /* Release */,
			);
			defaultConfigurationIsVisible = 0;
			defaultConfigurationName = Release;
		};
		A719F7582C51C23200E9487A /* Build configuration list for PBXNativeTarget "Session Native" */ = {
			isa = XCConfigurationList;
			buildConfigurations = (
				A719F7592C51C23200E9487A /* Debug */,
				A719F75A2C51C23200E9487A /* Release */,
			);
			defaultConfigurationIsVisible = 0;
			defaultConfigurationName = Release;
		};
/* End XCConfigurationList section */

/* Begin XCRemoteSwiftPackageReference section */
		A7037D122C5578C500B53FBD /* XCRemoteSwiftPackageReference "MessagePack.swift" */ = {
			isa = XCRemoteSwiftPackageReference;
			repositoryURL = "https://github.com/a2/MessagePack.swift.git";
			requirement = {
				kind = upToNextMajorVersion;
				minimumVersion = 4.0.0;
			};
		};
/* End XCRemoteSwiftPackageReference section */

/* Begin XCSwiftPackageProductDependency section */
		A7037D132C5578C500B53FBD /* MessagePack */ = {
			isa = XCSwiftPackageProductDependency;
			package = A7037D122C5578C500B53FBD /* XCRemoteSwiftPackageReference "MessagePack.swift" */;
			productName = MessagePack;
		};
/* End XCSwiftPackageProductDependency section */
	};
	rootObject = A719F73F2C51C23100E9487A /* Project object */;
}
