// !$*UTF8*$!
{
	archiveVersion = 1;
	classes = {
	};
	objectVersion = 56;
	objects = {

/* Begin PBXBuildFile section */
		A719F74B2C51C23100E9487A /* Session_NativeApp.swift in Sources */ = {isa = PBXBuildFile; fileRef = A719F74A2C51C23100E9487A /* Session_NativeApp.swift */; };
		A719F74D2C51C23100E9487A /* ConversationsView.swift in Sources */ = {isa = PBXBuildFile; fileRef = A719F74C2C51C23100E9487A /* ConversationsView.swift */; };
		A719F74F2C51C23100E9487A /* Item.swift in Sources */ = {isa = PBXBuildFile; fileRef = A719F74E2C51C23100E9487A /* Item.swift */; };
		A719F7512C51C23200E9487A /* Assets.xcassets in Resources */ = {isa = PBXBuildFile; fileRef = A719F7502C51C23200E9487A /* Assets.xcassets */; };
		A719F7542C51C23200E9487A /* Preview Assets.xcassets in Resources */ = {isa = PBXBuildFile; fileRef = A719F7532C51C23200E9487A /* Preview Assets.xcassets */; };
		A76FE5492C51D842009B1D19 /* ContactsView.swift in Sources */ = {isa = PBXBuildFile; fileRef = A76FE5482C51D842009B1D19 /* ContactsView.swift */; };
		A76FE54B2C51D84D009B1D19 /* SettingsView.swift in Sources */ = {isa = PBXBuildFile; fileRef = A76FE54A2C51D84D009B1D19 /* SettingsView.swift */; };
		A76FE54D2C51D882009B1D19 /* ContentView.swift in Sources */ = {isa = PBXBuildFile; fileRef = A76FE54C2C51D882009B1D19 /* ContentView.swift */; };
		A76FE5502C51DA93009B1D19 /* AppViewsNavigation.swift in Sources */ = {isa = PBXBuildFile; fileRef = A76FE54F2C51DA93009B1D19 /* AppViewsNavigation.swift */; };
		A76FE5532C5250B1009B1D19 /* EdgeBorder.swift in Sources */ = {isa = PBXBuildFile; fileRef = A76FE5522C5250B1009B1D19 /* EdgeBorder.swift */; };
/* End PBXBuildFile section */

/* Begin PBXFileReference section */
		A719F7472C51C23100E9487A /* Session Native.app */ = {isa = PBXFileReference; explicitFileType = wrapper.application; includeInIndex = 0; path = "Session Native.app"; sourceTree = BUILT_PRODUCTS_DIR; };
		A719F74A2C51C23100E9487A /* Session_NativeApp.swift */ = {isa = PBXFileReference; lastKnownFileType = sourcecode.swift; path = Session_NativeApp.swift; sourceTree = "<group>"; };
		A719F74C2C51C23100E9487A /* ConversationsView.swift */ = {isa = PBXFileReference; lastKnownFileType = sourcecode.swift; path = ConversationsView.swift; sourceTree = "<group>"; };
		A719F74E2C51C23100E9487A /* Item.swift */ = {isa = PBXFileReference; lastKnownFileType = sourcecode.swift; path = Item.swift; sourceTree = "<group>"; };
		A719F7502C51C23200E9487A /* Assets.xcassets */ = {isa = PBXFileReference; lastKnownFileType = folder.assetcatalog; path = Assets.xcassets; sourceTree = "<group>"; };
		A719F7532C51C23200E9487A /* Preview Assets.xcassets */ = {isa = PBXFileReference; lastKnownFileType = folder.assetcatalog; path = "Preview Assets.xcassets"; sourceTree = "<group>"; };
		A719F7552C51C23200E9487A /* Session_Native.entitlements */ = {isa = PBXFileReference; lastKnownFileType = text.plist.entitlements; path = Session_Native.entitlements; sourceTree = "<group>"; };
		A76FE5482C51D842009B1D19 /* ContactsView.swift */ = {isa = PBXFileReference; lastKnownFileType = sourcecode.swift; path = ContactsView.swift; sourceTree = "<group>"; };
		A76FE54A2C51D84D009B1D19 /* SettingsView.swift */ = {isa = PBXFileReference; lastKnownFileType = sourcecode.swift; path = SettingsView.swift; sourceTree = "<group>"; };
		A76FE54C2C51D882009B1D19 /* ContentView.swift */ = {isa = PBXFileReference; lastKnownFileType = sourcecode.swift; path = ContentView.swift; sourceTree = "<group>"; };
		A76FE54F2C51DA93009B1D19 /* AppViewsNavigation.swift */ = {isa = PBXFileReference; lastKnownFileType = sourcecode.swift; path = AppViewsNavigation.swift; sourceTree = "<group>"; };
		A76FE5522C5250B1009B1D19 /* EdgeBorder.swift */ = {isa = PBXFileReference; lastKnownFileType = sourcecode.swift; path = EdgeBorder.swift; sourceTree = "<group>"; };
/* End PBXFileReference section */

/* Begin PBXFrameworksBuildPhase section */
		A719F7442C51C23100E9487A /* Frameworks */ = {
			isa = PBXFrameworksBuildPhase;
			buildActionMask = 2147483647;
			files = (
			);
			runOnlyForDeploymentPostprocessing = 0;
		};
/* End PBXFrameworksBuildPhase section */

/* Begin PBXGroup section */
		A719F73E2C51C23100E9487A = {
			isa = PBXGroup;
			children = (
				A719F7492C51C23100E9487A /* Session Native */,
				A719F7482C51C23100E9487A /* Products */,
			);
			sourceTree = "<group>";
		};
		A719F7482C51C23100E9487A /* Products */ = {
			isa = PBXGroup;
			children = (
				A719F7472C51C23100E9487A /* Session Native.app */,
			);
			name = Products;
			sourceTree = "<group>";
		};
		A719F7492C51C23100E9487A /* Session Native */ = {
			isa = PBXGroup;
			children = (
				A76FE5542C5250B5009B1D19 /* Extensions */,
				A719F74A2C51C23100E9487A /* Session_NativeApp.swift */,
				A76FE54C2C51D882009B1D19 /* ContentView.swift */,
				A76FE54E2C51D886009B1D19 /* Views */,
				A719F74E2C51C23100E9487A /* Item.swift */,
				A719F75B2C51CB7B00E9487A /* Components */,
				A719F7502C51C23200E9487A /* Assets.xcassets */,
				A719F7552C51C23200E9487A /* Session_Native.entitlements */,
				A719F7522C51C23200E9487A /* Preview Content */,
			);
			path = "Session Native";
			sourceTree = "<group>";
		};
		A719F7522C51C23200E9487A /* Preview Content */ = {
			isa = PBXGroup;
			children = (
				A719F7532C51C23200E9487A /* Preview Assets.xcassets */,
			);
			path = "Preview Content";
			sourceTree = "<group>";
		};
		A719F75B2C51CB7B00E9487A /* Components */ = {
			isa = PBXGroup;
			children = (
				A76FE54F2C51DA93009B1D19 /* AppViewsNavigation.swift */,
			);
			path = Components;
			sourceTree = "<group>";
		};
		A76FE54E2C51D886009B1D19 /* Views */ = {
			isa = PBXGroup;
			children = (
				A719F74C2C51C23100E9487A /* ConversationsView.swift */,
				A76FE5482C51D842009B1D19 /* ContactsView.swift */,
				A76FE54A2C51D84D009B1D19 /* SettingsView.swift */,
			);
			path = Views;
			sourceTree = "<group>";
		};
		A76FE5542C5250B5009B1D19 /* Extensions */ = {
			isa = PBXGroup;
			children = (
				A76FE5522C5250B1009B1D19 /* EdgeBorder.swift */,
			);
			path = Extensions;
			sourceTree = "<group>";
		};
/* End PBXGroup section */

/* Begin PBXNativeTarget section */
		A719F7462C51C23100E9487A /* Session Native */ = {
			isa = PBXNativeTarget;
			buildConfigurationList = A719F7582C51C23200E9487A /* Build configuration list for PBXNativeTarget "Session Native" */;
			buildPhases = (
				A719F7432C51C23100E9487A /* Sources */,
				A719F7442C51C23100E9487A /* Frameworks */,
				A719F7452C51C23100E9487A /* Resources */,
			);
			buildRules = (
			);
			dependencies = (
			);
			name = "Session Native";
			productName = "Session Native";
			productReference = A719F7472C51C23100E9487A /* Session Native.app */;
			productType = "com.apple.product-type.application";
		};
/* End PBXNativeTarget section */

/* Begin PBXProject section */
		A719F73F2C51C23100E9487A /* Project object */ = {
			isa = PBXProject;
			attributes = {
				BuildIndependentTargetsInParallel = 1;
				LastSwiftUpdateCheck = 1540;
				LastUpgradeCheck = 1540;
				TargetAttributes = {
					A719F7462C51C23100E9487A = {
						CreatedOnToolsVersion = 15.4;
					};
				};
			};
			buildConfigurationList = A719F7422C51C23100E9487A /* Build configuration list for PBXProject "Session Native" */;
			compatibilityVersion = "Xcode 14.0";
			developmentRegion = en;
			hasScannedForEncodings = 0;
			knownRegions = (
				en,
				Base,
			);
			mainGroup = A719F73E2C51C23100E9487A;
			productRefGroup = A719F7482C51C23100E9487A /* Products */;
			projectDirPath = "";
			projectRoot = "";
			targets = (
				A719F7462C51C23100E9487A /* Session Native */,
			);
		};
/* End PBXProject section */

/* Begin PBXResourcesBuildPhase section */
		A719F7452C51C23100E9487A /* Resources */ = {
			isa = PBXResourcesBuildPhase;
			buildActionMask = 2147483647;
			files = (
				A719F7542C51C23200E9487A /* Preview Assets.xcassets in Resources */,
				A719F7512C51C23200E9487A /* Assets.xcassets in Resources */,
			);
			runOnlyForDeploymentPostprocessing = 0;
		};
/* End PBXResourcesBuildPhase section */

/* Begin PBXSourcesBuildPhase section */
		A719F7432C51C23100E9487A /* Sources */ = {
			isa = PBXSourcesBuildPhase;
			buildActionMask = 2147483647;
			files = (
				A719F74D2C51C23100E9487A /* ConversationsView.swift in Sources */,
				A719F74F2C51C23100E9487A /* Item.swift in Sources */,
				A76FE54D2C51D882009B1D19 /* ContentView.swift in Sources */,
				A76FE54B2C51D84D009B1D19 /* SettingsView.swift in Sources */,
				A76FE5502C51DA93009B1D19 /* AppViewsNavigation.swift in Sources */,
				A719F74B2C51C23100E9487A /* Session_NativeApp.swift in Sources */,
				A76FE5532C5250B1009B1D19 /* EdgeBorder.swift in Sources */,
				A76FE5492C51D842009B1D19 /* ContactsView.swift in Sources */,
			);
			runOnlyForDeploymentPostprocessing = 0;
		};
/* End PBXSourcesBuildPhase section */

/* Begin XCBuildConfiguration section */
		A719F7562C51C23200E9487A /* Debug */ = {
			isa = XCBuildConfiguration;
			buildSettings = {
				ALWAYS_SEARCH_USER_PATHS = NO;
				ASSETCATALOG_COMPILER_GENERATE_SWIFT_ASSET_SYMBOL_EXTENSIONS = YES;
				CLANG_ANALYZER_NONNULL = YES;
				CLANG_ANALYZER_NUMBER_OBJECT_CONVERSION = YES_AGGRESSIVE;
				CLANG_CXX_LANGUAGE_STANDARD = "gnu++20";
				CLANG_ENABLE_MODULES = YES;
				CLANG_ENABLE_OBJC_ARC = YES;
				CLANG_ENABLE_OBJC_WEAK = YES;
				CLANG_WARN_BLOCK_CAPTURE_AUTORELEASING = YES;
				CLANG_WARN_BOOL_CONVERSION = YES;
				CLANG_WARN_COMMA = YES;
				CLANG_WARN_CONSTANT_CONVERSION = YES;
				CLANG_WARN_DEPRECATED_OBJC_IMPLEMENTATIONS = YES;
				CLANG_WARN_DIRECT_OBJC_ISA_USAGE = YES_ERROR;
				CLANG_WARN_DOCUMENTATION_COMMENTS = YES;
				CLANG_WARN_EMPTY_BODY = YES;
				CLANG_WARN_ENUM_CONVERSION = YES;
				CLANG_WARN_INFINITE_RECURSION = YES;
				CLANG_WARN_INT_CONVERSION = YES;
				CLANG_WARN_NON_LITERAL_NULL_CONVERSION = YES;
				CLANG_WARN_OBJC_IMPLICIT_RETAIN_SELF = YES;
				CLANG_WARN_OBJC_LITERAL_CONVERSION = YES;
				CLANG_WARN_OBJC_ROOT_CLASS = YES_ERROR;
				CLANG_WARN_QUOTED_INCLUDE_IN_FRAMEWORK_HEADER = YES;
				CLANG_WARN_RANGE_LOOP_ANALYSIS = YES;
				CLANG_WARN_STRICT_PROTOTYPES = YES;
				CLANG_WARN_SUSPICIOUS_MOVE = YES;
				CLANG_WARN_UNGUARDED_AVAILABILITY = YES_AGGRESSIVE;
				CLANG_WARN_UNREACHABLE_CODE = YES;
				CLANG_WARN__DUPLICATE_METHOD_MATCH = YES;
				COPY_PHASE_STRIP = NO;
				DEBUG_INFORMATION_FORMAT = dwarf;
				ENABLE_STRICT_OBJC_MSGSEND = YES;
				ENABLE_TESTABILITY = YES;
				ENABLE_USER_SCRIPT_SANDBOXING = YES;
				GCC_C_LANGUAGE_STANDARD = gnu17;
				GCC_DYNAMIC_NO_PIC = NO;
				GCC_NO_COMMON_BLOCKS = YES;
				GCC_OPTIMIZATION_LEVEL = 0;
				GCC_PREPROCESSOR_DEFINITIONS = (
					"DEBUG=1",
					"$(inherited)",
				);
				GCC_WARN_64_TO_32_BIT_CONVERSION = YES;
				GCC_WARN_ABOUT_RETURN_TYPE = YES_ERROR;
				GCC_WARN_UNDECLARED_SELECTOR = YES;
				GCC_WARN_UNINITIALIZED_AUTOS = YES_AGGRESSIVE;
				GCC_WARN_UNUSED_FUNCTION = YES;
				GCC_WARN_UNUSED_VARIABLE = YES;
				LOCALIZATION_PREFERS_STRING_CATALOGS = YES;
				MACOSX_DEPLOYMENT_TARGET = 14.5;
				MTL_ENABLE_DEBUG_INFO = INCLUDE_SOURCE;
				MTL_FAST_MATH = YES;
				ONLY_ACTIVE_ARCH = YES;
				SDKROOT = macosx;
				SWIFT_ACTIVE_COMPILATION_CONDITIONS = "DEBUG $(inherited)";
				SWIFT_OPTIMIZATION_LEVEL = "-Onone";
			};
			name = Debug;
		};
		A719F7572C51C23200E9487A /* Release */ = {
			isa = XCBuildConfiguration;
			buildSettings = {
				ALWAYS_SEARCH_USER_PATHS = NO;
				ASSETCATALOG_COMPILER_GENERATE_SWIFT_ASSET_SYMBOL_EXTENSIONS = YES;
				CLANG_ANALYZER_NONNULL = YES;
				CLANG_ANALYZER_NUMBER_OBJECT_CONVERSION = YES_AGGRESSIVE;
				CLANG_CXX_LANGUAGE_STANDARD = "gnu++20";
				CLANG_ENABLE_MODULES = YES;
				CLANG_ENABLE_OBJC_ARC = YES;
				CLANG_ENABLE_OBJC_WEAK = YES;
				CLANG_WARN_BLOCK_CAPTURE_AUTORELEASING = YES;
				CLANG_WARN_BOOL_CONVERSION = YES;
				CLANG_WARN_COMMA = YES;
				CLANG_WARN_CONSTANT_CONVERSION = YES;
				CLANG_WARN_DEPRECATED_OBJC_IMPLEMENTATIONS = YES;
				CLANG_WARN_DIRECT_OBJC_ISA_USAGE = YES_ERROR;
				CLANG_WARN_DOCUMENTATION_COMMENTS = YES;
				CLANG_WARN_EMPTY_BODY = YES;
				CLANG_WARN_ENUM_CONVERSION = YES;
				CLANG_WARN_INFINITE_RECURSION = YES;
				CLANG_WARN_INT_CONVERSION = YES;
				CLANG_WARN_NON_LITERAL_NULL_CONVERSION = YES;
				CLANG_WARN_OBJC_IMPLICIT_RETAIN_SELF = YES;
				CLANG_WARN_OBJC_LITERAL_CONVERSION = YES;
				CLANG_WARN_OBJC_ROOT_CLASS = YES_ERROR;
				CLANG_WARN_QUOTED_INCLUDE_IN_FRAMEWORK_HEADER = YES;
				CLANG_WARN_RANGE_LOOP_ANALYSIS = YES;
				CLANG_WARN_STRICT_PROTOTYPES = YES;
				CLANG_WARN_SUSPICIOUS_MOVE = YES;
				CLANG_WARN_UNGUARDED_AVAILABILITY = YES_AGGRESSIVE;
				CLANG_WARN_UNREACHABLE_CODE = YES;
				CLANG_WARN__DUPLICATE_METHOD_MATCH = YES;
				COPY_PHASE_STRIP = NO;
				DEBUG_INFORMATION_FORMAT = "dwarf-with-dsym";
				ENABLE_NS_ASSERTIONS = NO;
				ENABLE_STRICT_OBJC_MSGSEND = YES;
				ENABLE_USER_SCRIPT_SANDBOXING = YES;
				GCC_C_LANGUAGE_STANDARD = gnu17;
				GCC_NO_COMMON_BLOCKS = YES;
				GCC_WARN_64_TO_32_BIT_CONVERSION = YES;
				GCC_WARN_ABOUT_RETURN_TYPE = YES_ERROR;
				GCC_WARN_UNDECLARED_SELECTOR = YES;
				GCC_WARN_UNINITIALIZED_AUTOS = YES_AGGRESSIVE;
				GCC_WARN_UNUSED_FUNCTION = YES;
				GCC_WARN_UNUSED_VARIABLE = YES;
				LOCALIZATION_PREFERS_STRING_CATALOGS = YES;
				MACOSX_DEPLOYMENT_TARGET = 14.5;
				MTL_ENABLE_DEBUG_INFO = NO;
				MTL_FAST_MATH = YES;
				SDKROOT = macosx;
				SWIFT_COMPILATION_MODE = wholemodule;
			};
			name = Release;
		};
		A719F7592C51C23200E9487A /* Debug */ = {
			isa = XCBuildConfiguration;
			buildSettings = {
				ASSETCATALOG_COMPILER_APPICON_NAME = AppIcon;
				ASSETCATALOG_COMPILER_GLOBAL_ACCENT_COLOR_NAME = AccentColor;
				CODE_SIGN_ENTITLEMENTS = "Session Native/Session_Native.entitlements";
				CODE_SIGN_STYLE = Automatic;
				COMBINE_HIDPI_IMAGES = YES;
				CURRENT_PROJECT_VERSION = 1;
				DEVELOPMENT_ASSET_PATHS = "\"Session Native/Preview Content\"";
				DEVELOPMENT_TEAM = 5QP6XSDPFK;
				ENABLE_HARDENED_RUNTIME = YES;
				ENABLE_PREVIEWS = YES;
				GENERATE_INFOPLIST_FILE = YES;
				INFOPLIST_KEY_LSApplicationCategoryType = "public.app-category.social-networking";
				INFOPLIST_KEY_NSHumanReadableCopyright = "";
				LD_RUNPATH_SEARCH_PATHS = (
					"$(inherited)",
					"@executable_path/../Frameworks",
				);
				MACOSX_DEPLOYMENT_TARGET = 14.0;
				MARKETING_VERSION = 1.0;
				PRODUCT_BUNDLE_IDENTIFIER = "dev.hloth.Session-Native";
				PRODUCT_NAME = "$(TARGET_NAME)";
				SWIFT_EMIT_LOC_STRINGS = YES;
				SWIFT_VERSION = 5.0;
			};
			name = Debug;
		};
		A719F75A2C51C23200E9487A /* Release */ = {
			isa = XCBuildConfiguration;
			buildSettings = {
				ASSETCATALOG_COMPILER_APPICON_NAME = AppIcon;
				ASSETCATALOG_COMPILER_GLOBAL_ACCENT_COLOR_NAME = AccentColor;
				CODE_SIGN_ENTITLEMENTS = "Session Native/Session_Native.entitlements";
				CODE_SIGN_STYLE = Automatic;
				COMBINE_HIDPI_IMAGES = YES;
				CURRENT_PROJECT_VERSION = 1;
				DEVELOPMENT_ASSET_PATHS = "\"Session Native/Preview Content\"";
				DEVELOPMENT_TEAM = 5QP6XSDPFK;
				ENABLE_HARDENED_RUNTIME = YES;
				ENABLE_PREVIEWS = YES;
				GENERATE_INFOPLIST_FILE = YES;
				INFOPLIST_KEY_LSApplicationCategoryType = "public.app-category.social-networking";
				INFOPLIST_KEY_NSHumanReadableCopyright = "";
				LD_RUNPATH_SEARCH_PATHS = (
					"$(inherited)",
					"@executable_path/../Frameworks",
				);
				MACOSX_DEPLOYMENT_TARGET = 14.0;
				MARKETING_VERSION = 1.0;
				PRODUCT_BUNDLE_IDENTIFIER = "dev.hloth.Session-Native";
				PRODUCT_NAME = "$(TARGET_NAME)";
				SWIFT_EMIT_LOC_STRINGS = YES;
				SWIFT_VERSION = 5.0;
			};
			name = Release;
		};
/* End XCBuildConfiguration section */

/* Begin XCConfigurationList section */
		A719F7422C51C23100E9487A /* Build configuration list for PBXProject "Session Native" */ = {
			isa = XCConfigurationList;
			buildConfigurations = (
				A719F7562C51C23200E9487A /* Debug */,
				A719F7572C51C23200E9487A /* Release */,
			);
			defaultConfigurationIsVisible = 0;
			defaultConfigurationName = Release;
		};
		A719F7582C51C23200E9487A /* Build configuration list for PBXNativeTarget "Session Native" */ = {
			isa = XCConfigurationList;
			buildConfigurations = (
				A719F7592C51C23200E9487A /* Debug */,
				A719F75A2C51C23200E9487A /* Release */,
			);
			defaultConfigurationIsVisible = 0;
			defaultConfigurationName = Release;
		};
/* End XCConfigurationList section */
	};
	rootObject = A719F73F2C51C23100E9487A /* Project object */;
}
